// !$*UTF8*$!
{
	archiveVersion = 1;
	classes = {
	};
	objectVersion = 46;
	objects = {

/* Begin PBXBuildFile section */
		66EBC7F61AA1B87900136CA8 /* main.m in Sources */ = {isa = PBXBuildFile; fileRef = 66EBC7F51AA1B87900136CA8 /* main.m */; };
		66EBC7F91AA1B87900136CA8 /* AppDelegate.m in Sources */ = {isa = PBXBuildFile; fileRef = 66EBC7F81AA1B87900136CA8 /* AppDelegate.m */; };
		66EBC7FC1AA1B87900136CA8 /* ViewController.m in Sources */ = {isa = PBXBuildFile; fileRef = 66EBC7FB1AA1B87900136CA8 /* ViewController.m */; };
		66EBC7FF1AA1B87900136CA8 /* Main.storyboard in Resources */ = {isa = PBXBuildFile; fileRef = 66EBC7FD1AA1B87900136CA8 /* Main.storyboard */; };
		66EBC8011AA1B87900136CA8 /* Images.xcassets in Resources */ = {isa = PBXBuildFile; fileRef = 66EBC8001AA1B87900136CA8 /* Images.xcassets */; };
		66EBC8041AA1B87900136CA8 /* LaunchScreen.xib in Resources */ = {isa = PBXBuildFile; fileRef = 66EBC8021AA1B87900136CA8 /* LaunchScreen.xib */; };
		66EBC8101AA1B87900136CA8 /* CommonProjectTests.m in Sources */ = {isa = PBXBuildFile; fileRef = 66EBC80F1AA1B87900136CA8 /* CommonProjectTests.m */; };
/* End PBXBuildFile section */

/* Begin PBXContainerItemProxy section */
		66EBC80A1AA1B87900136CA8 /* PBXContainerItemProxy */ = {
			isa = PBXContainerItemProxy;
			containerPortal = 66EBC7E81AA1B87900136CA8 /* Project object */;
			proxyType = 1;
			remoteGlobalIDString = 66EBC7EF1AA1B87900136CA8;
			remoteInfo = CommonProject;
		};
/* End PBXContainerItemProxy section */

/* Begin PBXFileReference section */
		66EBC7F01AA1B87900136CA8 /* CommonProject.app */ = {isa = PBXFileReference; explicitFileType = wrapper.application; includeInIndex = 0; path = CommonProject.app; sourceTree = BUILT_PRODUCTS_DIR; };
		66EBC7F41AA1B87900136CA8 /* Info.plist */ = {isa = PBXFileReference; lastKnownFileType = text.plist.xml; path = Info.plist; sourceTree = "<group>"; };
		66EBC7F51AA1B87900136CA8 /* main.m */ = {isa = PBXFileReference; lastKnownFileType = sourcecode.c.objc; path = main.m; sourceTree = "<group>"; };
		66EBC7F71AA1B87900136CA8 /* AppDelegate.h */ = {isa = PBXFileReference; lastKnownFileType = sourcecode.c.h; path = AppDelegate.h; sourceTree = "<group>"; };
		66EBC7F81AA1B87900136CA8 /* AppDelegate.m */ = {isa = PBXFileReference; lastKnownFileType = sourcecode.c.objc; path = AppDelegate.m; sourceTree = "<group>"; };
		66EBC7FA1AA1B87900136CA8 /* ViewController.h */ = {isa = PBXFileReference; lastKnownFileType = sourcecode.c.h; path = ViewController.h; sourceTree = "<group>"; };
		66EBC7FB1AA1B87900136CA8 /* ViewController.m */ = {isa = PBXFileReference; lastKnownFileType = sourcecode.c.objc; path = ViewController.m; sourceTree = "<group>"; };
		66EBC7FE1AA1B87900136CA8 /* Base */ = {isa = PBXFileReference; lastKnownFileType = file.storyboard; name = Base; path = Base.lproj/Main.storyboard; sourceTree = "<group>"; };
		66EBC8001AA1B87900136CA8 /* Images.xcassets */ = {isa = PBXFileReference; lastKnownFileType = folder.assetcatalog; path = Images.xcassets; sourceTree = "<group>"; };
		66EBC8031AA1B87900136CA8 /* Base */ = {isa = PBXFileReference; lastKnownFileType = file.xib; name = Base; path = Base.lproj/LaunchScreen.xib; sourceTree = "<group>"; };
		66EBC8091AA1B87900136CA8 /* CommonProjectTests.xctest */ = {isa = PBXFileReference; explicitFileType = wrapper.cfbundle; includeInIndex = 0; path = CommonProjectTests.xctest; sourceTree = BUILT_PRODUCTS_DIR; };
		66EBC80E1AA1B87900136CA8 /* Info.plist */ = {isa = PBXFileReference; lastKnownFileType = text.plist.xml; path = Info.plist; sourceTree = "<group>"; };
		66EBC80F1AA1B87900136CA8 /* CommonProjectTests.m */ = {isa = PBXFileReference; lastKnownFileType = sourcecode.c.objc; path = CommonProjectTests.m; sourceTree = "<group>"; };
/* End PBXFileReference section */

/* Begin PBXFrameworksBuildPhase section */
		66EBC7ED1AA1B87900136CA8 /* Frameworks */ = {
			isa = PBXFrameworksBuildPhase;
			buildActionMask = 2147483647;
			files = (
			);
			runOnlyForDeploymentPostprocessing = 0;
		};
		66EBC8061AA1B87900136CA8 /* Frameworks */ = {
			isa = PBXFrameworksBuildPhase;
			buildActionMask = 2147483647;
			files = (
			);
			runOnlyForDeploymentPostprocessing = 0;
		};
/* End PBXFrameworksBuildPhase section */

/* Begin PBXGroup section */
		66EBC7E71AA1B87900136CA8 = {
			isa = PBXGroup;
			children = (
				66EBC7F21AA1B87900136CA8 /* CommonProject */,
				66EBC80C1AA1B87900136CA8 /* CommonProjectTests */,
				66EBC7F11AA1B87900136CA8 /* Products */,
			);
			sourceTree = "<group>";
		};
		66EBC7F11AA1B87900136CA8 /* Products */ = {
			isa = PBXGroup;
			children = (
				66EBC7F01AA1B87900136CA8 /* CommonProject.app */,
				66EBC8091AA1B87900136CA8 /* CommonProjectTests.xctest */,
			);
			name = Products;
			sourceTree = "<group>";
		};
		66EBC7F21AA1B87900136CA8 /* CommonProject */ = {
			isa = PBXGroup;
			children = (
				66EBC7F71AA1B87900136CA8 /* AppDelegate.h */,
				66EBC7F81AA1B87900136CA8 /* AppDelegate.m */,
				66EBC7FA1AA1B87900136CA8 /* ViewController.h */,
				66EBC7FB1AA1B87900136CA8 /* ViewController.m */,
				66EBC7FD1AA1B87900136CA8 /* Main.storyboard */,
				66EBC8001AA1B87900136CA8 /* Images.xcassets */,
				66EBC8021AA1B87900136CA8 /* LaunchScreen.xib */,
				66EBC7F31AA1B87900136CA8 /* Supporting Files */,
			);
			path = CommonProject;
			sourceTree = "<group>";
		};
		66EBC7F31AA1B87900136CA8 /* Supporting Files */ = {
			isa = PBXGroup;
			children = (
				66EBC7F41AA1B87900136CA8 /* Info.plist */,
				66EBC7F51AA1B87900136CA8 /* main.m */,
			);
			name = "Supporting Files";
			sourceTree = "<group>";
		};
		66EBC80C1AA1B87900136CA8 /* CommonProjectTests */ = {
			isa = PBXGroup;
			children = (
				66EBC80F1AA1B87900136CA8 /* CommonProjectTests.m */,
				66EBC80D1AA1B87900136CA8 /* Supporting Files */,
			);
			path = CommonProjectTests;
			sourceTree = "<group>";
		};
		66EBC80D1AA1B87900136CA8 /* Supporting Files */ = {
			isa = PBXGroup;
			children = (
				66EBC80E1AA1B87900136CA8 /* Info.plist */,
			);
			name = "Supporting Files";
			sourceTree = "<group>";
		};
/* End PBXGroup section */

/* Begin PBXNativeTarget section */
		66EBC7EF1AA1B87900136CA8 /* CommonProject */ = {
			isa = PBXNativeTarget;
			buildConfigurationList = 66EBC8131AA1B87900136CA8 /* Build configuration list for PBXNativeTarget "CommonProject" */;
			buildPhases = (
				66EBC7EC1AA1B87900136CA8 /* Sources */,
				66EBC7ED1AA1B87900136CA8 /* Frameworks */,
				66EBC7EE1AA1B87900136CA8 /* Resources */,
			);
			buildRules = (
			);
			dependencies = (
			);
			name = CommonProject;
			productName = CommonProject;
			productReference = 66EBC7F01AA1B87900136CA8 /* CommonProject.app */;
			productType = "com.apple.product-type.application";
		};
		66EBC8081AA1B87900136CA8 /* CommonProjectTests */ = {
			isa = PBXNativeTarget;
			buildConfigurationList = 66EBC8161AA1B87900136CA8 /* Build configuration list for PBXNativeTarget "CommonProjectTests" */;
			buildPhases = (
				66EBC8051AA1B87900136CA8 /* Sources */,
				66EBC8061AA1B87900136CA8 /* Frameworks */,
				66EBC8071AA1B87900136CA8 /* Resources */,
			);
			buildRules = (
			);
			dependencies = (
				66EBC80B1AA1B87900136CA8 /* PBXTargetDependency */,
			);
			name = CommonProjectTests;
			productName = CommonProjectTests;
			productReference = 66EBC8091AA1B87900136CA8 /* CommonProjectTests.xctest */;
			productType = "com.apple.product-type.bundle.unit-test";
		};
/* End PBXNativeTarget section */

/* Begin PBXProject section */
		66EBC7E81AA1B87900136CA8 /* Project object */ = {
			isa = PBXProject;
			attributes = {
				LastUpgradeCheck = 0610;
				ORGANIZATIONNAME = wsjtwzs;
				TargetAttributes = {
					66EBC7EF1AA1B87900136CA8 = {
						CreatedOnToolsVersion = 6.1.1;
					};
					66EBC8081AA1B87900136CA8 = {
						CreatedOnToolsVersion = 6.1.1;
						TestTargetID = 66EBC7EF1AA1B87900136CA8;
					};
				};
			};
			buildConfigurationList = 66EBC7EB1AA1B87900136CA8 /* Build configuration list for PBXProject "CommonProject" */;
			compatibilityVersion = "Xcode 3.2";
			developmentRegion = English;
			hasScannedForEncodings = 0;
			knownRegions = (
				en,
				Base,
			);
			mainGroup = 66EBC7E71AA1B87900136CA8;
			productRefGroup = 66EBC7F11AA1B87900136CA8 /* Products */;
			projectDirPath = "";
			projectRoot = "";
			targets = (
				66EBC7EF1AA1B87900136CA8 /* CommonProject */,
				66EBC8081AA1B87900136CA8 /* CommonProjectTests */,
			);
		};
/* End PBXProject section */

/* Begin PBXResourcesBuildPhase section */
		66EBC7EE1AA1B87900136CA8 /* Resources */ = {
			isa = PBXResourcesBuildPhase;
			buildActionMask = 2147483647;
			files = (
				66EBC7FF1AA1B87900136CA8 /* Main.storyboard in Resources */,
				66EBC8041AA1B87900136CA8 /* LaunchScreen.xib in Resources */,
				66EBC8011AA1B87900136CA8 /* Images.xcassets in Resources */,
			);
			runOnlyForDeploymentPostprocessing = 0;
		};
		66EBC8071AA1B87900136CA8 /* Resources */ = {
			isa = PBXResourcesBuildPhase;
			buildActionMask = 2147483647;
			files = (
			);
			runOnlyForDeploymentPostprocessing = 0;
		};
/* End PBXResourcesBuildPhase section */

/* Begin PBXSourcesBuildPhase section */
		66EBC7EC1AA1B87900136CA8 /* Sources */ = {
			isa = PBXSourcesBuildPhase;
			buildActionMask = 2147483647;
			files = (
				66EBC7FC1AA1B87900136CA8 /* ViewController.m in Sources */,
				66EBC7F91AA1B87900136CA8 /* AppDelegate.m in Sources */,
				66EBC7F61AA1B87900136CA8 /* main.m in Sources */,
			);
			runOnlyForDeploymentPostprocessing = 0;
		};
		66EBC8051AA1B87900136CA8 /* Sources */ = {
			isa = PBXSourcesBuildPhase;
			buildActionMask = 2147483647;
			files = (
				66EBC8101AA1B87900136CA8 /* CommonProjectTests.m in Sources */,
			);
			runOnlyForDeploymentPostprocessing = 0;
		};
/* End PBXSourcesBuildPhase section */

/* Begin PBXTargetDependency section */
		66EBC80B1AA1B87900136CA8 /* PBXTargetDependency */ = {
			isa = PBXTargetDependency;
			target = 66EBC7EF1AA1B87900136CA8 /* CommonProject */;
			targetProxy = 66EBC80A1AA1B87900136CA8 /* PBXContainerItemProxy */;
		};
/* End PBXTargetDependency section */

/* Begin PBXVariantGroup section */
		66EBC7FD1AA1B87900136CA8 /* Main.storyboard */ = {
			isa = PBXVariantGroup;
			children = (
				66EBC7FE1AA1B87900136CA8 /* Base */,
			);
			name = Main.storyboard;
			sourceTree = "<group>";
		};
		66EBC8021AA1B87900136CA8 /* LaunchScreen.xib */ = {
			isa = PBXVariantGroup;
			children = (
				66EBC8031AA1B87900136CA8 /* Base */,
			);
			name = LaunchScreen.xib;
			sourceTree = "<group>";
		};
/* End PBXVariantGroup section */

/* Begin XCBuildConfiguration section */
		66EBC8111AA1B87900136CA8 /* Debug */ = {
			isa = XCBuildConfiguration;
			buildSettings = {
				ALWAYS_SEARCH_USER_PATHS = NO;
				CLANG_CXX_LANGUAGE_STANDARD = "gnu++0x";
				CLANG_CXX_LIBRARY = "libc++";
				CLANG_ENABLE_MODULES = YES;
				CLANG_ENABLE_OBJC_ARC = YES;
				CLANG_WARN_BOOL_CONVERSION = YES;
				CLANG_WARN_CONSTANT_CONVERSION = YES;
				CLANG_WARN_DIRECT_OBJC_ISA_USAGE = YES_ERROR;
				CLANG_WARN_EMPTY_BODY = YES;
				CLANG_WARN_ENUM_CONVERSION = YES;
				CLANG_WARN_INT_CONVERSION = YES;
				CLANG_WARN_OBJC_ROOT_CLASS = YES_ERROR;
				CLANG_WARN_UNREACHABLE_CODE = YES;
				CLANG_WARN__DUPLICATE_METHOD_MATCH = YES;
				"CODE_SIGN_IDENTITY[sdk=iphoneos*]" = "iPhone Developer";
				COPY_PHASE_STRIP = NO;
				ENABLE_STRICT_OBJC_MSGSEND = YES;
				GCC_C_LANGUAGE_STANDARD = gnu99;
				GCC_DYNAMIC_NO_PIC = NO;
				GCC_OPTIMIZATION_LEVEL = 0;
				GCC_PREPROCESSOR_DEFINITIONS = (
					"DEBUG=1",
					"$(inherited)",
				);
				GCC_SYMBOLS_PRIVATE_EXTERN = NO;
				GCC_WARN_64_TO_32_BIT_CONVERSION = YES;
				GCC_WARN_ABOUT_RETURN_TYPE = YES_ERROR;
				GCC_WARN_UNDECLARED_SELECTOR = YES;
				GCC_WARN_UNINITIALIZED_AUTOS = YES_AGGRESSIVE;
				GCC_WARN_UNUSED_FUNCTION = YES;
				GCC_WARN_UNUSED_VARIABLE = YES;
				IPHONEOS_DEPLOYMENT_TARGET = 8.1;
				MTL_ENABLE_DEBUG_INFO = YES;
				ONLY_ACTIVE_ARCH = YES;
				SDKROOT = iphoneos;
			};
			name = Debug;
		};
		66EBC8121AA1B87900136CA8 /* Release */ = {
			isa = XCBuildConfiguration;
			buildSettings = {
				ALWAYS_SEARCH_USER_PATHS = NO;
				CLANG_CXX_LANGUAGE_STANDARD = "gnu++0x";
				CLANG_CXX_LIBRARY = "libc++";
				CLANG_ENABLE_MODULES = YES;
				CLANG_ENABLE_OBJC_ARC = YES;
				CLANG_WARN_BOOL_CONVERSION = YES;
				CLANG_WARN_CONSTANT_CONVERSION = YES;
				CLANG_WARN_DIRECT_OBJC_ISA_USAGE = YES_ERROR;
				CLANG_WARN_EMPTY_BODY = YES;
				CLANG_WARN_ENUM_CONVERSION = YES;
				CLANG_WARN_INT_CONVERSION = YES;
				CLANG_WARN_OBJC_ROOT_CLASS = YES_ERROR;
				CLANG_WARN_UNREACHABLE_CODE = YES;
				CLANG_WARN__DUPLICATE_METHOD_MATCH = YES;
				"CODE_SIGN_IDENTITY[sdk=iphoneos*]" = "iPhone Developer";
				COPY_PHASE_STRIP = YES;
				ENABLE_NS_ASSERTIONS = NO;
				ENABLE_STRICT_OBJC_MSGSEND = YES;
				GCC_C_LANGUAGE_STANDARD = gnu99;
				GCC_WARN_64_TO_32_BIT_CONVERSION = YES;
				GCC_WARN_ABOUT_RETURN_TYPE = YES_ERROR;
				GCC_WARN_UNDECLARED_SELECTOR = YES;
				GCC_WARN_UNINITIALIZED_AUTOS = YES_AGGRESSIVE;
				GCC_WARN_UNUSED_FUNCTION = YES;
				GCC_WARN_UNUSED_VARIABLE = YES;
				IPHONEOS_DEPLOYMENT_TARGET = 8.1;
				MTL_ENABLE_DEBUG_INFO = NO;
				SDKROOT = iphoneos;
				VALIDATE_PRODUCT = YES;
			};
			name = Release;
		};
		66EBC8141AA1B87900136CA8 /* Debug */ = {
			isa = XCBuildConfiguration;
			buildSettings = {
				ASSETCATALOG_COMPILER_APPICON_NAME = AppIcon;
				INFOPLIST_FILE = CommonProject/Info.plist;
				LD_RUNPATH_SEARCH_PATHS = "$(inherited) @executable_path/Frameworks";
				PRODUCT_NAME = "$(TARGET_NAME)";
			};
			name = Debug;
		};
		66EBC8151AA1B87900136CA8 /* Release */ = {
			isa = XCBuildConfiguration;
			buildSettings = {
				ASSETCATALOG_COMPILER_APPICON_NAME = AppIcon;
				INFOPLIST_FILE = CommonProject/Info.plist;
				LD_RUNPATH_SEARCH_PATHS = "$(inherited) @executable_path/Frameworks";
				PRODUCT_NAME = "$(TARGET_NAME)";
			};
			name = Release;
		};
		66EBC8171AA1B87900136CA8 /* Debug */ = {
			isa = XCBuildConfiguration;
			buildSettings = {
				BUNDLE_LOADER = "$(TEST_HOST)";
				FRAMEWORK_SEARCH_PATHS = (
					"$(SDKROOT)/Developer/Library/Frameworks",
					"$(inherited)",
				);
				GCC_PREPROCESSOR_DEFINITIONS = (
					"DEBUG=1",
					"$(inherited)",
				);
				INFOPLIST_FILE = CommonProjectTests/Info.plist;
				LD_RUNPATH_SEARCH_PATHS = "$(inherited) @executable_path/Frameworks @loader_path/Frameworks";
				PRODUCT_NAME = "$(TARGET_NAME)";
				TEST_HOST = "$(BUILT_PRODUCTS_DIR)/CommonProject.app/CommonProject";
			};
			name = Debug;
		};
		66EBC8181AA1B87900136CA8 /* Release */ = {
			isa = XCBuildConfiguration;
			buildSettings = {
				BUNDLE_LOADER = "$(TEST_HOST)";
				FRAMEWORK_SEARCH_PATHS = (
					"$(SDKROOT)/Developer/Library/Frameworks",
					"$(inherited)",
				);
				INFOPLIST_FILE = CommonProjectTests/Info.plist;
				LD_RUNPATH_SEARCH_PATHS = "$(inherited) @executable_path/Frameworks @loader_path/Frameworks";
				PRODUCT_NAME = "$(TARGET_NAME)";
				TEST_HOST = "$(BUILT_PRODUCTS_DIR)/CommonProject.app/CommonProject";
			};
			name = Release;
		};
/* End XCBuildConfiguration section */

/* Begin XCConfigurationList section */
		66EBC7EB1AA1B87900136CA8 /* Build configuration list for PBXProject "CommonProject" */ = {
			isa = XCConfigurationList;
			buildConfigurations = (
				66EBC8111AA1B87900136CA8 /* Debug */,
				66EBC8121AA1B87900136CA8 /* Release */,
			);
			defaultConfigurationIsVisible = 0;
			defaultConfigurationName = Release;
		};
		66EBC8131AA1B87900136CA8 /* Build configuration list for PBXNativeTarget "CommonProject" */ = {
			isa = XCConfigurationList;
			buildConfigurations = (
				66EBC8141AA1B87900136CA8 /* Debug */,
				66EBC8151AA1B87900136CA8 /* Release */,
			);
			defaultConfigurationIsVisible = 0;
		};
		66EBC8161AA1B87900136CA8 /* Build configuration list for PBXNativeTarget "CommonProjectTests" */ = {
			isa = XCConfigurationList;
			buildConfigurations = (
				66EBC8171AA1B87900136CA8 /* Debug */,
				66EBC8181AA1B87900136CA8 /* Release */,
			);
			defaultConfigurationIsVisible = 0;
		};
/* End XCConfigurationList section */
	};
	rootObject = 66EBC7E81AA1B87900136CA8 /* Project object */;
}
